
Microsoft Visual Studio Solution File, Format Version 12.00
# Visual Studio 15
Project("{FAE04EC0-301F-11D3-BF4B-00C04F79EFBC}") = "Assembly-CSharp", "Assembly-CSharp.csproj", "{1B16575A-16E3-F1E4-3D93-C511583609BA}"
EndProject
Project("{FAE04EC0-301F-11D3-BF4B-00C04F79EFBC}") = "Assembly-CSharp-Editor", "Assembly-CSharp-Editor.csproj", "{D7723388-9F26-AC29-EE4F-373B15101E22}"
EndProject
Global
	GlobalSection(SolutionConfigurationPlatforms) = preSolution
		Debug|Any CPU = Debug|Any CPU
		Release|Any CPU = Release|Any CPU
	EndGlobalSection
	GlobalSection(ProjectConfigurationPlatforms) = postSolution
		{1B16575A-16E3-F1E4-3D93-C511583609BA}.Debug|Any CPU.ActiveCfg = Debug|Any CPU
		{1B16575A-16E3-F1E4-3D93-C511583609BA}.Debug|Any CPU.Build.0 = Debug|Any CPU
		{1B16575A-16E3-F1E4-3D93-C511583609BA}.Release|Any CPU.ActiveCfg = Release|Any CPU
		{1B16575A-16E3-F1E4-3D93-C511583609BA}.Release|Any CPU.Build.0 = Release|Any CPU
		{D7723388-9F26-AC29-EE4F-373B15101E22}.Debug|Any CPU.ActiveCfg = Debug|Any CPU
		{D7723388-9F26-AC29-EE4F-373B15101E22}.Debug|Any CPU.Build.0 = Debug|Any CPU
		{D7723388-9F26-AC29-EE4F-373B15101E22}.Release|Any CPU.ActiveCfg = Release|Any CPU
		{D7723388-9F26-AC29-EE4F-373B15101E22}.Release|Any CPU.Build.0 = Release|Any CPU
	EndGlobalSection
	GlobalSection(SolutionProperties) = preSolution
		HideSolutionNode = FALSE
	EndGlobalSection
EndGlobal
