
Microsoft Visual Studio Solution File, Format Version 12.00
# Visual Studio 15
Project("{FAE04EC0-301F-11D3-BF4B-00C04F79EFBC}") = "Assembly-CSharp", "Assembly-CSharp.csproj", "{3C4D9BCD-BB96-5D4F-C568-428583EBC400}"
EndProject
Project("{FAE04EC0-301F-11D3-BF4B-00C04F79EFBC}") = "Assembly-CSharp-Editor", "Assembly-CSharp-Editor.csproj", "{A97846FF-A2ED-D1D0-8FA8-76F49DD6FB8F}"
EndProject
Global
	GlobalSection(SolutionConfigurationPlatforms) = preSolution
		Debug|Any CPU = Debug|Any CPU
		Release|Any CPU = Release|Any CPU
	EndGlobalSection
	GlobalSection(ProjectConfigurationPlatforms) = postSolution
		{3C4D9BCD-BB96-5D4F-C568-428583EBC400}.Debug|Any CPU.ActiveCfg = Debug|Any CPU
		{3C4D9BCD-BB96-5D4F-C568-428583EBC400}.Debug|Any CPU.Build.0 = Debug|Any CPU
		{3C4D9BCD-BB96-5D4F-C568-428583EBC400}.Release|Any CPU.ActiveCfg = Release|Any CPU
		{3C4D9BCD-BB96-5D4F-C568-428583EBC400}.Release|Any CPU.Build.0 = Release|Any CPU
		{A97846FF-A2ED-D1D0-8FA8-76F49DD6FB8F}.Debug|Any CPU.ActiveCfg = Debug|Any CPU
		{A97846FF-A2ED-D1D0-8FA8-76F49DD6FB8F}.Debug|Any CPU.Build.0 = Debug|Any CPU
		{A97846FF-A2ED-D1D0-8FA8-76F49DD6FB8F}.Release|Any CPU.ActiveCfg = Release|Any CPU
		{A97846FF-A2ED-D1D0-8FA8-76F49DD6FB8F}.Release|Any CPU.Build.0 = Release|Any CPU
	EndGlobalSection
	GlobalSection(SolutionProperties) = preSolution
		HideSolutionNode = FALSE
	EndGlobalSection
EndGlobal
