
Microsoft Visual Studio Solution File, Format Version 12.00
# Visual Studio 15
Project("{FAE04EC0-301F-11D3-BF4B-00C04F79EFBC}") = "Assembly-CSharp", "Assembly-CSharp.csproj", "{5EE040AE-953E-2EAF-C92D-E5068B4D52D4}"
EndProject
Project("{FAE04EC0-301F-11D3-BF4B-00C04F79EFBC}") = "Assembly-CSharp-Editor", "Assembly-CSharp-Editor.csproj", "{90F04249-F822-D86D-1B7D-8AC19DF78E93}"
EndProject
Global
	GlobalSection(SolutionConfigurationPlatforms) = preSolution
		Debug|Any CPU = Debug|Any CPU
		Release|Any CPU = Release|Any CPU
	EndGlobalSection
	GlobalSection(ProjectConfigurationPlatforms) = postSolution
		{5EE040AE-953E-2EAF-C92D-E5068B4D52D4}.Debug|Any CPU.ActiveCfg = Debug|Any CPU
		{5EE040AE-953E-2EAF-C92D-E5068B4D52D4}.Debug|Any CPU.Build.0 = Debug|Any CPU
		{5EE040AE-953E-2EAF-C92D-E5068B4D52D4}.Release|Any CPU.ActiveCfg = Release|Any CPU
		{5EE040AE-953E-2EAF-C92D-E5068B4D52D4}.Release|Any CPU.Build.0 = Release|Any CPU
		{90F04249-F822-D86D-1B7D-8AC19DF78E93}.Debug|Any CPU.ActiveCfg = Debug|Any CPU
		{90F04249-F822-D86D-1B7D-8AC19DF78E93}.Debug|Any CPU.Build.0 = Debug|Any CPU
		{90F04249-F822-D86D-1B7D-8AC19DF78E93}.Release|Any CPU.ActiveCfg = Release|Any CPU
		{90F04249-F822-D86D-1B7D-8AC19DF78E93}.Release|Any CPU.Build.0 = Release|Any CPU
	EndGlobalSection
	GlobalSection(SolutionProperties) = preSolution
		HideSolutionNode = FALSE
	EndGlobalSection
EndGlobal
