
Microsoft Visual Studio Solution File, Format Version 12.00
# Visual Studio 15
Project("{FAE04EC0-301F-11D3-BF4B-00C04F79EFBC}") = "Assembly-CSharp", "Assembly-CSharp.csproj", "{D40D6DE3-2CC6-7F9F-7FE6-4E0461BF9CC6}"
EndProject
Project("{FAE04EC0-301F-11D3-BF4B-00C04F79EFBC}") = "Assembly-CSharp-Editor", "Assembly-CSharp-Editor.csproj", "{3BA917CF-0312-554F-DF78-F9B86476812D}"
EndProject
Global
	GlobalSection(SolutionConfigurationPlatforms) = preSolution
		Debug|Any CPU = Debug|Any CPU
		Release|Any CPU = Release|Any CPU
	EndGlobalSection
	GlobalSection(ProjectConfigurationPlatforms) = postSolution
		{D40D6DE3-2CC6-7F9F-7FE6-4E0461BF9CC6}.Debug|Any CPU.ActiveCfg = Debug|Any CPU
		{D40D6DE3-2CC6-7F9F-7FE6-4E0461BF9CC6}.Debug|Any CPU.Build.0 = Debug|Any CPU
		{D40D6DE3-2CC6-7F9F-7FE6-4E0461BF9CC6}.Release|Any CPU.ActiveCfg = Release|Any CPU
		{D40D6DE3-2CC6-7F9F-7FE6-4E0461BF9CC6}.Release|Any CPU.Build.0 = Release|Any CPU
		{3BA917CF-0312-554F-DF78-F9B86476812D}.Debug|Any CPU.ActiveCfg = Debug|Any CPU
		{3BA917CF-0312-554F-DF78-F9B86476812D}.Debug|Any CPU.Build.0 = Debug|Any CPU
		{3BA917CF-0312-554F-DF78-F9B86476812D}.Release|Any CPU.ActiveCfg = Release|Any CPU
		{3BA917CF-0312-554F-DF78-F9B86476812D}.Release|Any CPU.Build.0 = Release|Any CPU
	EndGlobalSection
	GlobalSection(SolutionProperties) = preSolution
		HideSolutionNode = FALSE
	EndGlobalSection
EndGlobal
